// !$*UTF8*$!
{
	archiveVersion = 1;
	classes = {
	};
	objectVersion = 77;
	objects = {

/* Begin PBXBuildFile section */
		1D8BF90E2E72465A0071B08A /* CachedAsyncImage in Frameworks */ = {isa = PBXBuildFile; productRef = 1D8BF90D2E72465A0071B08A /* CachedAsyncImage */; };
/* End PBXBuildFile section */

/* Begin PBXContainerItemProxy section */
		1DE5961F2E6F6E5700B864E8 /* PBXContainerItemProxy */ = {
			isa = PBXContainerItemProxy;
			containerPortal = 1DE596072E6F6E5500B864E8 /* Project object */;
			proxyType = 1;
			remoteGlobalIDString = 1DE5960E2E6F6E5500B864E8;
			remoteInfo = "cine-track";
		};
		1DE596292E6F6E5700B864E8 /* PBXContainerItemProxy */ = {
			isa = PBXContainerItemProxy;
			containerPortal = 1DE596072E6F6E5500B864E8 /* Project object */;
			proxyType = 1;
			remoteGlobalIDString = 1DE5960E2E6F6E5500B864E8;
			remoteInfo = "cine-track";
		};
/* End PBXContainerItemProxy section */

/* Begin PBXFileReference section */
		1DE5960F2E6F6E5500B864E8 /* cine-track.app */ = {isa = PBXFileReference; explicitFileType = wrapper.application; includeInIndex = 0; path = "cine-track.app"; sourceTree = BUILT_PRODUCTS_DIR; };
		1DE5961E2E6F6E5700B864E8 /* cine-trackTests.xctest */ = {isa = PBXFileReference; explicitFileType = wrapper.cfbundle; includeInIndex = 0; path = "cine-trackTests.xctest"; sourceTree = BUILT_PRODUCTS_DIR; };
		1DE596282E6F6E5700B864E8 /* cine-trackUITests.xctest */ = {isa = PBXFileReference; explicitFileType = wrapper.cfbundle; includeInIndex = 0; path = "cine-trackUITests.xctest"; sourceTree = BUILT_PRODUCTS_DIR; };
/* End PBXFileReference section */

/* Begin PBXFileSystemSynchronizedBuildFileExceptionSet section */
		1DE596772E70D14500B864E8 /* Exceptions for "cine-track" folder in "cine-track" target */ = {
			isa = PBXFileSystemSynchronizedBuildFileExceptionSet;
			membershipExceptions = (
				Info.plist,
			);
			target = 1DE5960E2E6F6E5500B864E8 /* cine-track */;
		};
/* End PBXFileSystemSynchronizedBuildFileExceptionSet section */

/* Begin PBXFileSystemSynchronizedRootGroup section */
		1DE596112E6F6E5500B864E8 /* cine-track */ = {
			isa = PBXFileSystemSynchronizedRootGroup;
			exceptions = (
				1DE596772E70D14500B864E8 /* Exceptions for "cine-track" folder in "cine-track" target */,
			);
			path = "cine-track";
			sourceTree = "<group>";
		};
		1DE596212E6F6E5700B864E8 /* cine-trackTests */ = {
			isa = PBXFileSystemSynchronizedRootGroup;
			path = "cine-trackTests";
			sourceTree = "<group>";
		};
		1DE5962B2E6F6E5700B864E8 /* cine-trackUITests */ = {
			isa = PBXFileSystemSynchronizedRootGroup;
			path = "cine-trackUITests";
			sourceTree = "<group>";
		};
/* End PBXFileSystemSynchronizedRootGroup section */

/* Begin PBXFrameworksBuildPhase section */
		1DE5960C2E6F6E5500B864E8 /* Frameworks */ = {
			isa = PBXFrameworksBuildPhase;
			buildActionMask = 2147483647;
			files = (
				1D8BF90E2E72465A0071B08A /* CachedAsyncImage in Frameworks */,
			);
			runOnlyForDeploymentPostprocessing = 0;
		};
		1DE5961B2E6F6E5700B864E8 /* Frameworks */ = {
			isa = PBXFrameworksBuildPhase;
			buildActionMask = 2147483647;
			files = (
			);
			runOnlyForDeploymentPostprocessing = 0;
		};
		1DE596252E6F6E5700B864E8 /* Frameworks */ = {
			isa = PBXFrameworksBuildPhase;
			buildActionMask = 2147483647;
			files = (
			);
			runOnlyForDeploymentPostprocessing = 0;
		};
/* End PBXFrameworksBuildPhase section */

/* Begin PBXGroup section */
		1DE596062E6F6E5500B864E8 = {
			isa = PBXGroup;
			children = (
				1DE596112E6F6E5500B864E8 /* cine-track */,
				1DE596212E6F6E5700B864E8 /* cine-trackTests */,
				1DE5962B2E6F6E5700B864E8 /* cine-trackUITests */,
				1DE596102E6F6E5500B864E8 /* Products */,
			);
			sourceTree = "<group>";
		};
		1DE596102E6F6E5500B864E8 /* Products */ = {
			isa = PBXGroup;
			children = (
				1DE5960F2E6F6E5500B864E8 /* cine-track.app */,
				1DE5961E2E6F6E5700B864E8 /* cine-trackTests.xctest */,
				1DE596282E6F6E5700B864E8 /* cine-trackUITests.xctest */,
			);
			name = Products;
			sourceTree = "<group>";
		};
/* End PBXGroup section */

/* Begin PBXNativeTarget section */
		1DE5960E2E6F6E5500B864E8 /* cine-track */ = {
			isa = PBXNativeTarget;
			buildConfigurationList = 1DE596322E6F6E5700B864E8 /* Build configuration list for PBXNativeTarget "cine-track" */;
			buildPhases = (
				1DE5960B2E6F6E5500B864E8 /* Sources */,
				1DE5960C2E6F6E5500B864E8 /* Frameworks */,
				1DE5960D2E6F6E5500B864E8 /* Resources */,
			);
			buildRules = (
			);
			dependencies = (
			);
			fileSystemSynchronizedGroups = (
				1DE596112E6F6E5500B864E8 /* cine-track */,
			);
			name = "cine-track";
			packageProductDependencies = (
				1D8BF90D2E72465A0071B08A /* CachedAsyncImage */,
			);
			productName = "cine-track";
			productReference = 1DE5960F2E6F6E5500B864E8 /* cine-track.app */;
			productType = "com.apple.product-type.application";
		};
		1DE5961D2E6F6E5700B864E8 /* cine-trackTests */ = {
			isa = PBXNativeTarget;
			buildConfigurationList = 1DE596352E6F6E5700B864E8 /* Build configuration list for PBXNativeTarget "cine-trackTests" */;
			buildPhases = (
				1DE5961A2E6F6E5700B864E8 /* Sources */,
				1DE5961B2E6F6E5700B864E8 /* Frameworks */,
				1DE5961C2E6F6E5700B864E8 /* Resources */,
			);
			buildRules = (
			);
			dependencies = (
				1DE596202E6F6E5700B864E8 /* PBXTargetDependency */,
			);
			fileSystemSynchronizedGroups = (
				1DE596212E6F6E5700B864E8 /* cine-trackTests */,
			);
			name = "cine-trackTests";
			packageProductDependencies = (
			);
			productName = "cine-trackTests";
			productReference = 1DE5961E2E6F6E5700B864E8 /* cine-trackTests.xctest */;
			productType = "com.apple.product-type.bundle.unit-test";
		};
		1DE596272E6F6E5700B864E8 /* cine-trackUITests */ = {
			isa = PBXNativeTarget;
			buildConfigurationList = 1DE596382E6F6E5700B864E8 /* Build configuration list for PBXNativeTarget "cine-trackUITests" */;
			buildPhases = (
				1DE596242E6F6E5700B864E8 /* Sources */,
				1DE596252E6F6E5700B864E8 /* Frameworks */,
				1DE596262E6F6E5700B864E8 /* Resources */,
			);
			buildRules = (
			);
			dependencies = (
				1DE5962A2E6F6E5700B864E8 /* PBXTargetDependency */,
			);
			fileSystemSynchronizedGroups = (
				1DE5962B2E6F6E5700B864E8 /* cine-trackUITests */,
			);
			name = "cine-trackUITests";
			packageProductDependencies = (
			);
			productName = "cine-trackUITests";
			productReference = 1DE596282E6F6E5700B864E8 /* cine-trackUITests.xctest */;
			productType = "com.apple.product-type.bundle.ui-testing";
		};
/* End PBXNativeTarget section */

/* Begin PBXProject section */
		1DE596072E6F6E5500B864E8 /* Project object */ = {
			isa = PBXProject;
			attributes = {
				BuildIndependentTargetsInParallel = 1;
				LastSwiftUpdateCheck = 1630;
				LastUpgradeCheck = 1630;
				TargetAttributes = {
					1DE5960E2E6F6E5500B864E8 = {
						CreatedOnToolsVersion = 16.3;
					};
					1DE5961D2E6F6E5700B864E8 = {
						CreatedOnToolsVersion = 16.3;
						TestTargetID = 1DE5960E2E6F6E5500B864E8;
					};
					1DE596272E6F6E5700B864E8 = {
						CreatedOnToolsVersion = 16.3;
						TestTargetID = 1DE5960E2E6F6E5500B864E8;
					};
				};
			};
			buildConfigurationList = 1DE5960A2E6F6E5500B864E8 /* Build configuration list for PBXProject "cine-track" */;
			developmentRegion = en;
			hasScannedForEncodings = 0;
			knownRegions = (
				en,
				Base,
			);
			mainGroup = 1DE596062E6F6E5500B864E8;
			minimizedProjectReferenceProxies = 1;
			packageReferences = (
				1D8BF90C2E72462D0071B08A /* XCRemoteSwiftPackageReference "swiftui-cached-async-image" */,
			);
			preferredProjectObjectVersion = 77;
			productRefGroup = 1DE596102E6F6E5500B864E8 /* Products */;
			projectDirPath = "";
			projectRoot = "";
			targets = (
				1DE5960E2E6F6E5500B864E8 /* cine-track */,
				1DE5961D2E6F6E5700B864E8 /* cine-trackTests */,
				1DE596272E6F6E5700B864E8 /* cine-trackUITests */,
			);
		};
/* End PBXProject section */

/* Begin PBXResourcesBuildPhase section */
		1DE5960D2E6F6E5500B864E8 /* Resources */ = {
			isa = PBXResourcesBuildPhase;
			buildActionMask = 2147483647;
			files = (
			);
			runOnlyForDeploymentPostprocessing = 0;
		};
		1DE5961C2E6F6E5700B864E8 /* Resources */ = {
			isa = PBXResourcesBuildPhase;
			buildActionMask = 2147483647;
			files = (
			);
			runOnlyForDeploymentPostprocessing = 0;
		};
		1DE596262E6F6E5700B864E8 /* Resources */ = {
			isa = PBXResourcesBuildPhase;
			buildActionMask = 2147483647;
			files = (
			);
			runOnlyForDeploymentPostprocessing = 0;
		};
/* End PBXResourcesBuildPhase section */

/* Begin PBXSourcesBuildPhase section */
		1DE5960B2E6F6E5500B864E8 /* Sources */ = {
			isa = PBXSourcesBuildPhase;
			buildActionMask = 2147483647;
			files = (
			);
			runOnlyForDeploymentPostprocessing = 0;
		};
		1DE5961A2E6F6E5700B864E8 /* Sources */ = {
			isa = PBXSourcesBuildPhase;
			buildActionMask = 2147483647;
			files = (
			);
			runOnlyForDeploymentPostprocessing = 0;
		};
		1DE596242E6F6E5700B864E8 /* Sources */ = {
			isa = PBXSourcesBuildPhase;
			buildActionMask = 2147483647;
			files = (
			);
			runOnlyForDeploymentPostprocessing = 0;
		};
/* End PBXSourcesBuildPhase section */

/* Begin PBXTargetDependency section */
		1DE596202E6F6E5700B864E8 /* PBXTargetDependency */ = {
			isa = PBXTargetDependency;
			target = 1DE5960E2E6F6E5500B864E8 /* cine-track */;
			targetProxy = 1DE5961F2E6F6E5700B864E8 /* PBXContainerItemProxy */;
		};
		1DE5962A2E6F6E5700B864E8 /* PBXTargetDependency */ = {
			isa = PBXTargetDependency;
			target = 1DE5960E2E6F6E5500B864E8 /* cine-track */;
			targetProxy = 1DE596292E6F6E5700B864E8 /* PBXContainerItemProxy */;
		};
/* End PBXTargetDependency section */

/* Begin XCBuildConfiguration section */
		1DE596302E6F6E5700B864E8 /* Debug */ = {
			isa = XCBuildConfiguration;
			buildSettings = {
				ALWAYS_SEARCH_USER_PATHS = NO;
				ASSETCATALOG_COMPILER_GENERATE_SWIFT_ASSET_SYMBOL_EXTENSIONS = YES;
				CLANG_ANALYZER_NONNULL = YES;
				CLANG_ANALYZER_NUMBER_OBJECT_CONVERSION = YES_AGGRESSIVE;
				CLANG_CXX_LANGUAGE_STANDARD = "gnu++20";
				CLANG_ENABLE_MODULES = YES;
				CLANG_ENABLE_OBJC_ARC = YES;
				CLANG_ENABLE_OBJC_WEAK = YES;
				CLANG_WARN_BLOCK_CAPTURE_AUTORELEASING = YES;
				CLANG_WARN_BOOL_CONVERSION = YES;
				CLANG_WARN_COMMA = YES;
				CLANG_WARN_CONSTANT_CONVERSION = YES;
				CLANG_WARN_DEPRECATED_OBJC_IMPLEMENTATIONS = YES;
				CLANG_WARN_DIRECT_OBJC_ISA_USAGE = YES_ERROR;
				CLANG_WARN_DOCUMENTATION_COMMENTS = YES;
				CLANG_WARN_EMPTY_BODY = YES;
				CLANG_WARN_ENUM_CONVERSION = YES;
				CLANG_WARN_INFINITE_RECURSION = YES;
				CLANG_WARN_INT_CONVERSION = YES;
				CLANG_WARN_NON_LITERAL_NULL_CONVERSION = YES;
				CLANG_WARN_OBJC_IMPLICIT_RETAIN_SELF = YES;
				CLANG_WARN_OBJC_LITERAL_CONVERSION = YES;
				CLANG_WARN_OBJC_ROOT_CLASS = YES_ERROR;
				CLANG_WARN_QUOTED_INCLUDE_IN_FRAMEWORK_HEADER = YES;
				CLANG_WARN_RANGE_LOOP_ANALYSIS = YES;
				CLANG_WARN_STRICT_PROTOTYPES = YES;
				CLANG_WARN_SUSPICIOUS_MOVE = YES;
				CLANG_WARN_UNGUARDED_AVAILABILITY = YES_AGGRESSIVE;
				CLANG_WARN_UNREACHABLE_CODE = YES;
				CLANG_WARN__DUPLICATE_METHOD_MATCH = YES;
				COPY_PHASE_STRIP = NO;
				DEBUG_INFORMATION_FORMAT = dwarf;
				ENABLE_STRICT_OBJC_MSGSEND = YES;
				ENABLE_TESTABILITY = YES;
				ENABLE_USER_SCRIPT_SANDBOXING = YES;
				GCC_C_LANGUAGE_STANDARD = gnu17;
				GCC_DYNAMIC_NO_PIC = NO;
				GCC_NO_COMMON_BLOCKS = YES;
				GCC_OPTIMIZATION_LEVEL = 0;
				GCC_PREPROCESSOR_DEFINITIONS = (
					"DEBUG=1",
					"$(inherited)",
				);
				GCC_WARN_64_TO_32_BIT_CONVERSION = YES;
				GCC_WARN_ABOUT_RETURN_TYPE = YES_ERROR;
				GCC_WARN_UNDECLARED_SELECTOR = YES;
				GCC_WARN_UNINITIALIZED_AUTOS = YES_AGGRESSIVE;
				GCC_WARN_UNUSED_FUNCTION = YES;
				GCC_WARN_UNUSED_VARIABLE = YES;
				IPHONEOS_DEPLOYMENT_TARGET = 18.4;
				LOCALIZATION_PREFERS_STRING_CATALOGS = YES;
				MTL_ENABLE_DEBUG_INFO = INCLUDE_SOURCE;
				MTL_FAST_MATH = YES;
				ONLY_ACTIVE_ARCH = YES;
				SDKROOT = iphoneos;
				SWIFT_ACTIVE_COMPILATION_CONDITIONS = "DEBUG $(inherited)";
				SWIFT_OPTIMIZATION_LEVEL = "-Onone";
			};
			name = Debug;
		};
		1DE596312E6F6E5700B864E8 /* Release */ = {
			isa = XCBuildConfiguration;
			buildSettings = {
				ALWAYS_SEARCH_USER_PATHS = NO;
				ASSETCATALOG_COMPILER_GENERATE_SWIFT_ASSET_SYMBOL_EXTENSIONS = YES;
				CLANG_ANALYZER_NONNULL = YES;
				CLANG_ANALYZER_NUMBER_OBJECT_CONVERSION = YES_AGGRESSIVE;
				CLANG_CXX_LANGUAGE_STANDARD = "gnu++20";
				CLANG_ENABLE_MODULES = YES;
				CLANG_ENABLE_OBJC_ARC = YES;
				CLANG_ENABLE_OBJC_WEAK = YES;
				CLANG_WARN_BLOCK_CAPTURE_AUTORELEASING = YES;
				CLANG_WARN_BOOL_CONVERSION = YES;
				CLANG_WARN_COMMA = YES;
				CLANG_WARN_CONSTANT_CONVERSION = YES;
				CLANG_WARN_DEPRECATED_OBJC_IMPLEMENTATIONS = YES;
				CLANG_WARN_DIRECT_OBJC_ISA_USAGE = YES_ERROR;
				CLANG_WARN_DOCUMENTATION_COMMENTS = YES;
				CLANG_WARN_EMPTY_BODY = YES;
				CLANG_WARN_ENUM_CONVERSION = YES;
				CLANG_WARN_INFINITE_RECURSION = YES;
				CLANG_WARN_INT_CONVERSION = YES;
				CLANG_WARN_NON_LITERAL_NULL_CONVERSION = YES;
				CLANG_WARN_OBJC_IMPLICIT_RETAIN_SELF = YES;
				CLANG_WARN_OBJC_LITERAL_CONVERSION = YES;
				CLANG_WARN_OBJC_ROOT_CLASS = YES_ERROR;
				CLANG_WARN_QUOTED_INCLUDE_IN_FRAMEWORK_HEADER = YES;
				CLANG_WARN_RANGE_LOOP_ANALYSIS = YES;
				CLANG_WARN_STRICT_PROTOTYPES = YES;
				CLANG_WARN_SUSPICIOUS_MOVE = YES;
				CLANG_WARN_UNGUARDED_AVAILABILITY = YES_AGGRESSIVE;
				CLANG_WARN_UNREACHABLE_CODE = YES;
				CLANG_WARN__DUPLICATE_METHOD_MATCH = YES;
				COPY_PHASE_STRIP = NO;
				DEBUG_INFORMATION_FORMAT = "dwarf-with-dsym";
				ENABLE_NS_ASSERTIONS = NO;
				ENABLE_STRICT_OBJC_MSGSEND = YES;
				ENABLE_USER_SCRIPT_SANDBOXING = YES;
				GCC_C_LANGUAGE_STANDARD = gnu17;
				GCC_NO_COMMON_BLOCKS = YES;
				GCC_WARN_64_TO_32_BIT_CONVERSION = YES;
				GCC_WARN_ABOUT_RETURN_TYPE = YES_ERROR;
				GCC_WARN_UNDECLARED_SELECTOR = YES;
				GCC_WARN_UNINITIALIZED_AUTOS = YES_AGGRESSIVE;
				GCC_WARN_UNUSED_FUNCTION = YES;
				GCC_WARN_UNUSED_VARIABLE = YES;
				IPHONEOS_DEPLOYMENT_TARGET = 18.4;
				LOCALIZATION_PREFERS_STRING_CATALOGS = YES;
				MTL_ENABLE_DEBUG_INFO = NO;
				MTL_FAST_MATH = YES;
				SDKROOT = iphoneos;
				SWIFT_COMPILATION_MODE = wholemodule;
				VALIDATE_PRODUCT = YES;
			};
			name = Release;
		};
		1DE596332E6F6E5700B864E8 /* Debug */ = {
			isa = XCBuildConfiguration;
			buildSettings = {
				ASSETCATALOG_COMPILER_APPICON_NAME = AppIcon;
				ASSETCATALOG_COMPILER_GLOBAL_ACCENT_COLOR_NAME = AccentColor;
				CODE_SIGN_STYLE = Automatic;
				CURRENT_PROJECT_VERSION = 1;
				DEVELOPMENT_TEAM = 38SB4483GV;
				ENABLE_PREVIEWS = YES;
				GENERATE_INFOPLIST_FILE = YES;
				INFOPLIST_FILE = "cine-track/Info.plist";
				INFOPLIST_KEY_UIApplicationSceneManifest_Generation = YES;
				INFOPLIST_KEY_UIApplicationSupportsIndirectInputEvents = YES;
				INFOPLIST_KEY_UILaunchScreen_Generation = YES;
				INFOPLIST_KEY_UISupportedInterfaceOrientations_iPad = "UIInterfaceOrientationPortrait UIInterfaceOrientationPortraitUpsideDown UIInterfaceOrientationLandscapeLeft UIInterfaceOrientationLandscapeRight";
				INFOPLIST_KEY_UISupportedInterfaceOrientations_iPhone = "UIInterfaceOrientationPortrait UIInterfaceOrientationLandscapeLeft UIInterfaceOrientationLandscapeRight";
				IPHONEOS_DEPLOYMENT_TARGET = 18.0;
				LD_RUNPATH_SEARCH_PATHS = (
					"$(inherited)",
					"@executable_path/Frameworks",
				);
				MARKETING_VERSION = 1.0;
				PRODUCT_BUNDLE_IDENTIFIER = "com.marson.cine-track";
				PRODUCT_NAME = "$(TARGET_NAME)";
				SWIFT_EMIT_LOC_STRINGS = YES;
				SWIFT_VERSION = 5.0;
				TARGETED_DEVICE_FAMILY = "1,2";
			};
			name = Debug;
		};
		1DE596342E6F6E5700B864E8 /* Release */ = {
			isa = XCBuildConfiguration;
			buildSettings = {
				ASSETCATALOG_COMPILER_APPICON_NAME = AppIcon;
				ASSETCATALOG_COMPILER_GLOBAL_ACCENT_COLOR_NAME = AccentColor;
				CODE_SIGN_STYLE = Automatic;
				CURRENT_PROJECT_VERSION = 1;
				DEVELOPMENT_TEAM = 38SB4483GV;
				ENABLE_PREVIEWS = YES;
				GENERATE_INFOPLIST_FILE = YES;
				INFOPLIST_FILE = "cine-track/Info.plist";
				INFOPLIST_KEY_UIApplicationSceneManifest_Generation = YES;
				INFOPLIST_KEY_UIApplicationSupportsIndirectInputEvents = YES;
				INFOPLIST_KEY_UILaunchScreen_Generation = YES;
				INFOPLIST_KEY_UISupportedInterfaceOrientations_iPad = "UIInterfaceOrientationPortrait UIInterfaceOrientationPortraitUpsideDown UIInterfaceOrientationLandscapeLeft UIInterfaceOrientationLandscapeRight";
				INFOPLIST_KEY_UISupportedInterfaceOrientations_iPhone = "UIInterfaceOrientationPortrait UIInterfaceOrientationLandscapeLeft UIInterfaceOrientationLandscapeRight";
				IPHONEOS_DEPLOYMENT_TARGET = 18.0;
				LD_RUNPATH_SEARCH_PATHS = (
					"$(inherited)",
					"@executable_path/Frameworks",
				);
				MARKETING_VERSION = 1.0;
				PRODUCT_BUNDLE_IDENTIFIER = "com.marson.cine-track";
				PRODUCT_NAME = "$(TARGET_NAME)";
				SWIFT_EMIT_LOC_STRINGS = YES;
				SWIFT_VERSION = 5.0;
				TARGETED_DEVICE_FAMILY = "1,2";
			};
			name = Release;
		};
		1DE596362E6F6E5700B864E8 /* Debug */ = {
			isa = XCBuildConfiguration;
			buildSettings = {
				BUNDLE_LOADER = "$(TEST_HOST)";
				CODE_SIGN_STYLE = Automatic;
				CURRENT_PROJECT_VERSION = 1;
				GENERATE_INFOPLIST_FILE = YES;
				IPHONEOS_DEPLOYMENT_TARGET = 18.4;
				MARKETING_VERSION = 1.0;
				PRODUCT_BUNDLE_IDENTIFIER = "com.marson.cine-trackTests";
				PRODUCT_NAME = "$(TARGET_NAME)";
				SWIFT_EMIT_LOC_STRINGS = NO;
				SWIFT_VERSION = 5.0;
				TARGETED_DEVICE_FAMILY = "1,2";
				TEST_HOST = "$(BUILT_PRODUCTS_DIR)/cine-track.app/$(BUNDLE_EXECUTABLE_FOLDER_PATH)/cine-track";
			};
			name = Debug;
		};
		1DE596372E6F6E5700B864E8 /* Release */ = {
			isa = XCBuildConfiguration;
			buildSettings = {
				BUNDLE_LOADER = "$(TEST_HOST)";
				CODE_SIGN_STYLE = Automatic;
				CURRENT_PROJECT_VERSION = 1;
				GENERATE_INFOPLIST_FILE = YES;
				IPHONEOS_DEPLOYMENT_TARGET = 18.4;
				MARKETING_VERSION = 1.0;
				PRODUCT_BUNDLE_IDENTIFIER = "com.marson.cine-trackTests";
				PRODUCT_NAME = "$(TARGET_NAME)";
				SWIFT_EMIT_LOC_STRINGS = NO;
				SWIFT_VERSION = 5.0;
				TARGETED_DEVICE_FAMILY = "1,2";
				TEST_HOST = "$(BUILT_PRODUCTS_DIR)/cine-track.app/$(BUNDLE_EXECUTABLE_FOLDER_PATH)/cine-track";
			};
			name = Release;
		};
		1DE596392E6F6E5700B864E8 /* Debug */ = {
			isa = XCBuildConfiguration;
			buildSettings = {
				CODE_SIGN_STYLE = Automatic;
				CURRENT_PROJECT_VERSION = 1;
				GENERATE_INFOPLIST_FILE = YES;
				MARKETING_VERSION = 1.0;
				PRODUCT_BUNDLE_IDENTIFIER = "com.marson.cine-trackUITests";
				PRODUCT_NAME = "$(TARGET_NAME)";
				SWIFT_EMIT_LOC_STRINGS = NO;
				SWIFT_VERSION = 5.0;
				TARGETED_DEVICE_FAMILY = "1,2";
				TEST_TARGET_NAME = "cine-track";
			};
			name = Debug;
		};
		1DE5963A2E6F6E5700B864E8 /* Release */ = {
			isa = XCBuildConfiguration;
			buildSettings = {
				CODE_SIGN_STYLE = Automatic;
				CURRENT_PROJECT_VERSION = 1;
				GENERATE_INFOPLIST_FILE = YES;
				MARKETING_VERSION = 1.0;
				PRODUCT_BUNDLE_IDENTIFIER = "com.marson.cine-trackUITests";
				PRODUCT_NAME = "$(TARGET_NAME)";
				SWIFT_EMIT_LOC_STRINGS = NO;
				SWIFT_VERSION = 5.0;
				TARGETED_DEVICE_FAMILY = "1,2";
				TEST_TARGET_NAME = "cine-track";
			};
			name = Release;
		};
/* End XCBuildConfiguration section */

/* Begin XCConfigurationList section */
		1DE5960A2E6F6E5500B864E8 /* Build configuration list for PBXProject "cine-track" */ = {
			isa = XCConfigurationList;
			buildConfigurations = (
				1DE596302E6F6E5700B864E8 /* Debug */,
				1DE596312E6F6E5700B864E8 /* Release */,
			);
			defaultConfigurationIsVisible = 0;
			defaultConfigurationName = Release;
		};
		1DE596322E6F6E5700B864E8 /* Build configuration list for PBXNativeTarget "cine-track" */ = {
			isa = XCConfigurationList;
			buildConfigurations = (
				1DE596332E6F6E5700B864E8 /* Debug */,
				1DE596342E6F6E5700B864E8 /* Release */,
			);
			defaultConfigurationIsVisible = 0;
			defaultConfigurationName = Release;
		};
		1DE596352E6F6E5700B864E8 /* Build configuration list for PBXNativeTarget "cine-trackTests" */ = {
			isa = XCConfigurationList;
			buildConfigurations = (
				1DE596362E6F6E5700B864E8 /* Debug */,
				1DE596372E6F6E5700B864E8 /* Release */,
			);
			defaultConfigurationIsVisible = 0;
			defaultConfigurationName = Release;
		};
		1DE596382E6F6E5700B864E8 /* Build configuration list for PBXNativeTarget "cine-trackUITests" */ = {
			isa = XCConfigurationList;
			buildConfigurations = (
				1DE596392E6F6E5700B864E8 /* Debug */,
				1DE5963A2E6F6E5700B864E8 /* Release */,
			);
			defaultConfigurationIsVisible = 0;
			defaultConfigurationName = Release;
		};
/* End XCConfigurationList section */

/* Begin XCRemoteSwiftPackageReference section */
		1D8BF90C2E72462D0071B08A /* XCRemoteSwiftPackageReference "swiftui-cached-async-image" */ = {
			isa = XCRemoteSwiftPackageReference;
			repositoryURL = "https://github.com/lorenzofiamingo/swiftui-cached-async-image";
			requirement = {
				kind = upToNextMajorVersion;
				minimumVersion = 2.1.1;
			};
		};
/* End XCRemoteSwiftPackageReference section */

/* Begin XCSwiftPackageProductDependency section */
		1D8BF90D2E72465A0071B08A /* CachedAsyncImage */ = {
			isa = XCSwiftPackageProductDependency;
			package = 1D8BF90C2E72462D0071B08A /* XCRemoteSwiftPackageReference "swiftui-cached-async-image" */;
			productName = CachedAsyncImage;
		};
/* End XCSwiftPackageProductDependency section */
	};
	rootObject = 1DE596072E6F6E5500B864E8 /* Project object */;
}
